
Microsoft Visual Studio Solution File, Format Version 12.00
# Visual Studio 2013
VisualStudioVersion = 12.0.31101.0
MinimumVisualStudioVersion = 10.0.40219.1
Project("{FAE04EC0-301F-11D3-BF4B-00C04F79EFBC}") = "LucAdm.Web", "LucAdm.Web\LucAdm.Web.csproj", "{246D0BEA-5635-4741-93EE-87B02B544DEF}"
EndProject
Project("{FAE04EC0-301F-11D3-BF4B-00C04F79EFBC}") = "LucAdm", "LucAdm\LucAdm.csproj", "{9B065823-CCDF-406A-8F56-91E06AECF217}"
EndProject
Global
	GlobalSection(SolutionConfigurationPlatforms) = preSolution
		Debug|Any CPU = Debug|Any CPU
		Release|Any CPU = Release|Any CPU
	EndGlobalSection
	GlobalSection(ProjectConfigurationPlatforms) = postSolution
		{246D0BEA-5635-4741-93EE-87B02B544DEF}.Debug|Any CPU.ActiveCfg = Debug|Any CPU
		{246D0BEA-5635-4741-93EE-87B02B544DEF}.Debug|Any CPU.Build.0 = Debug|Any CPU
		{246D0BEA-5635-4741-93EE-87B02B544DEF}.Release|Any CPU.ActiveCfg = Release|Any CPU
		{246D0BEA-5635-4741-93EE-87B02B544DEF}.Release|Any CPU.Build.0 = Release|Any CPU
		{9B065823-CCDF-406A-8F56-91E06AECF217}.Debug|Any CPU.ActiveCfg = Debug|Any CPU
		{9B065823-CCDF-406A-8F56-91E06AECF217}.Debug|Any CPU.Build.0 = Debug|Any CPU
		{9B065823-CCDF-406A-8F56-91E06AECF217}.Release|Any CPU.ActiveCfg = Release|Any CPU
		{9B065823-CCDF-406A-8F56-91E06AECF217}.Release|Any CPU.Build.0 = Release|Any CPU
	EndGlobalSection
	GlobalSection(SolutionProperties) = preSolution
		HideSolutionNode = FALSE
	EndGlobalSection
EndGlobal
